
Microsoft Visual Studio Solution File, Format Version 12.00
# Visual Studio 15
VisualStudioVersion = 15.0.28307.489
MinimumVisualStudioVersion = 10.0.40219.1
Project("{8BC9CEB8-8B4A-11D0-8D11-00A0C91BC942}") = "Planetário", "Planetário\Planetário.vcxproj", "{EB3AF188-78DB-4473-84D3-813A6C7E5373}"
EndProject
Global
	GlobalSection(SolutionConfigurationPlatforms) = preSolution
		Debug|x64 = Debug|x64
		Debug|x86 = Debug|x86
		Release|x64 = Release|x64
		Release|x86 = Release|x86
	EndGlobalSection
	GlobalSection(ProjectConfigurationPlatforms) = postSolution
		{EB3AF188-78DB-4473-84D3-813A6C7E5373}.Debug|x64.ActiveCfg = Debug|x64
		{EB3AF188-78DB-4473-84D3-813A6C7E5373}.Debug|x64.Build.0 = Debug|x64
		{EB3AF188-78DB-4473-84D3-813A6C7E5373}.Debug|x86.ActiveCfg = Debug|Win32
		{EB3AF188-78DB-4473-84D3-813A6C7E5373}.Debug|x86.Build.0 = Debug|Win32
		{EB3AF188-78DB-4473-84D3-813A6C7E5373}.Release|x64.ActiveCfg = Release|x64
		{EB3AF188-78DB-4473-84D3-813A6C7E5373}.Release|x64.Build.0 = Release|x64
		{EB3AF188-78DB-4473-84D3-813A6C7E5373}.Release|x86.ActiveCfg = Release|Win32
		{EB3AF188-78DB-4473-84D3-813A6C7E5373}.Release|x86.Build.0 = Release|Win32
	EndGlobalSection
	GlobalSection(SolutionProperties) = preSolution
		HideSolutionNode = FALSE
	EndGlobalSection
	GlobalSection(ExtensibilityGlobals) = postSolution
		SolutionGuid = {6E97D063-F1C3-4503-BFE4-78EB9B43AD2D}
	EndGlobalSection
EndGlobal
